
Microsoft Visual Studio Solution File, Format Version 12.00
# Visual Studio Version 17
VisualStudioVersion = 17.0.32014.148
MinimumVisualStudioVersion = 10.0.40219.1
Project("{FAE04EC0-301F-11D3-BF4B-00C04F79EFBC}") = "JWTDemoAPI", "JWTDemoAPI\JWTDemoAPI.csproj", "{E005741F-5126-4220-86A4-DE66D4928829}"
EndProject
Project("{FAE04EC0-301F-11D3-BF4B-00C04F79EFBC}") = "JwtDemo.Common", "JwtDemo.Common\JwtDemo.Common.csproj", "{37C63AAE-225F-435B-9508-F24CF146FF4D}"
EndProject
Global
	GlobalSection(SolutionConfigurationPlatforms) = preSolution
		Debug|Any CPU = Debug|Any CPU
		Release|Any CPU = Release|Any CPU
	EndGlobalSection
	GlobalSection(ProjectConfigurationPlatforms) = postSolution
		{E005741F-5126-4220-86A4-DE66D4928829}.Debug|Any CPU.ActiveCfg = Debug|Any CPU
		{E005741F-5126-4220-86A4-DE66D4928829}.Debug|Any CPU.Build.0 = Debug|Any CPU
		{E005741F-5126-4220-86A4-DE66D4928829}.Release|Any CPU.ActiveCfg = Release|Any CPU
		{E005741F-5126-4220-86A4-DE66D4928829}.Release|Any CPU.Build.0 = Release|Any CPU
		{37C63AAE-225F-435B-9508-F24CF146FF4D}.Debug|Any CPU.ActiveCfg = Debug|Any CPU
		{37C63AAE-225F-435B-9508-F24CF146FF4D}.Debug|Any CPU.Build.0 = Debug|Any CPU
		{37C63AAE-225F-435B-9508-F24CF146FF4D}.Release|Any CPU.ActiveCfg = Release|Any CPU
		{37C63AAE-225F-435B-9508-F24CF146FF4D}.Release|Any CPU.Build.0 = Release|Any CPU
	EndGlobalSection
	GlobalSection(SolutionProperties) = preSolution
		HideSolutionNode = FALSE
	EndGlobalSection
	GlobalSection(ExtensibilityGlobals) = postSolution
		SolutionGuid = {39B08792-364F-41DF-A7A0-5A602AEF17D7}
	EndGlobalSection
EndGlobal
